{
  "name": "SO-mod-userscripts",
  "lockfileVersion": 2,
  "requires": true,
  "packages": {
    "": {
      "devDependencies": {
        "@types/gapi": "^0.0.41",
        "@types/gapi.auth2": "^0.0.55"
      }
    },
    "node_modules/@types/gapi": {
      "version": "0.0.41",
      "resolved": "https://registry.npmjs.org/@types/gapi/-/gapi-0.0.41.tgz",
      "integrity": "sha512-tmHO66z/f91JZCDqinj/nNvQEszsz/hBT4+MvCSKT5sDzl5Ld/oXZ8WaecCBjRLw2uWKUInUHM9MhEXWkOiNjw==",
      "dev": true
    },
    "node_modules/@types/gapi.auth2": {
      "version": "0.0.55",
      "resolved": "https://registry.npmjs.org/@types/gapi.auth2/-/gapi.auth2-0.0.55.tgz",
      "integrity": "sha512-chmROsbo28jI5or0aRP8X3aBuWkq8jJHj75al/C0BhI/qum8v7XSxxQ9aLpA2ULPWgWSyh6orn9ZCaUSA4iQCA==",
      "dev": true,
      "dependencies": {
        "@types/gapi": "*"
      }
    }
  },
  "dependencies": {
    "@types/gapi": {
      "version": "0.0.41",
      "resolved": "https://registry.npmjs.org/@types/gapi/-/gapi-0.0.41.tgz",
      "integrity": "sha512-tmHO66z/f91JZCDqinj/nNvQEszsz/hBT4+MvCSKT5sDzl5Ld/oXZ8WaecCBjRLw2uWKUInUHM9MhEXWkOiNjw==",
      "dev": true
    },
    "@types/gapi.auth2": {
      "version": "0.0.55",
      "resolved": "https://registry.npmjs.org/@types/gapi.auth2/-/gapi.auth2-0.0.55.tgz",
      "integrity": "sha512-chmROsbo28jI5or0aRP8X3aBuWkq8jJHj75al/C0BhI/qum8v7XSxxQ9aLpA2ULPWgWSyh6orn9ZCaUSA4iQCA==",
      "dev": true,
      "requires": {
        "@types/gapi": "*"
      }
    }
  }
}
