{
  "name": "SO-mod-userscripts",
  "lockfileVersion": 2,
  "requires": true,
  "packages": {
    "": {
      "devDependencies": {
        "@types/gapi": "^0.0.41",
        "@types/gapi.auth2": "^0.0.55",
        "@types/greasemonkey": "^4.0.2",
        "@types/tampermonkey": "^4.0.5"
      }
    },
    "node_modules/@types/gapi": {
      "version": "0.0.41",
      "resolved": "https://registry.npmjs.org/@types/gapi/-/gapi-0.0.41.tgz",
      "integrity": "sha512-tmHO66z/f91JZCDqinj/nNvQEszsz/hBT4+MvCSKT5sDzl5Ld/oXZ8WaecCBjRLw2uWKUInUHM9MhEXWkOiNjw==",
      "dev": true
    },
    "node_modules/@types/gapi.auth2": {
      "version": "0.0.55",
      "resolved": "https://registry.npmjs.org/@types/gapi.auth2/-/gapi.auth2-0.0.55.tgz",
      "integrity": "sha512-chmROsbo28jI5or0aRP8X3aBuWkq8jJHj75al/C0BhI/qum8v7XSxxQ9aLpA2ULPWgWSyh6orn9ZCaUSA4iQCA==",
      "dev": true,
      "dependencies": {
        "@types/gapi": "*"
      }
    },
    "node_modules/@types/greasemonkey": {
      "version": "4.0.2",
      "resolved": "https://registry.npmjs.org/@types/greasemonkey/-/greasemonkey-4.0.2.tgz",
      "integrity": "sha512-aCdl08liJA/GaT5xH8bhqbGCG6HCRU/jqs3QuJcMOsSxBDgbiif3LVLI7AF7FekPN3XxGevRHSw7ov8ITKf4Hw==",
      "dev": true
    },
    "node_modules/@types/tampermonkey": {
      "version": "4.0.5",
      "resolved": "https://registry.npmjs.org/@types/tampermonkey/-/tampermonkey-4.0.5.tgz",
      "integrity": "sha512-FGPo7d+qZkDF7vyrwY1WNhcUnfDyVpt2uyL7krAu3WKCUMCfIUzOuvt8aSk8N2axHT8XPr9stAEDGVHLvag6Pw==",
      "dev": true
    }
  },
  "dependencies": {
    "@types/gapi": {
      "version": "0.0.41",
      "resolved": "https://registry.npmjs.org/@types/gapi/-/gapi-0.0.41.tgz",
      "integrity": "sha512-tmHO66z/f91JZCDqinj/nNvQEszsz/hBT4+MvCSKT5sDzl5Ld/oXZ8WaecCBjRLw2uWKUInUHM9MhEXWkOiNjw==",
      "dev": true
    },
    "@types/gapi.auth2": {
      "version": "0.0.55",
      "resolved": "https://registry.npmjs.org/@types/gapi.auth2/-/gapi.auth2-0.0.55.tgz",
      "integrity": "sha512-chmROsbo28jI5or0aRP8X3aBuWkq8jJHj75al/C0BhI/qum8v7XSxxQ9aLpA2ULPWgWSyh6orn9ZCaUSA4iQCA==",
      "dev": true,
      "requires": {
        "@types/gapi": "*"
      }
    },
    "@types/greasemonkey": {
      "version": "4.0.2",
      "resolved": "https://registry.npmjs.org/@types/greasemonkey/-/greasemonkey-4.0.2.tgz",
      "integrity": "sha512-aCdl08liJA/GaT5xH8bhqbGCG6HCRU/jqs3QuJcMOsSxBDgbiif3LVLI7AF7FekPN3XxGevRHSw7ov8ITKf4Hw==",
      "dev": true
    },
    "@types/tampermonkey": {
      "version": "4.0.5",
      "resolved": "https://registry.npmjs.org/@types/tampermonkey/-/tampermonkey-4.0.5.tgz",
      "integrity": "sha512-FGPo7d+qZkDF7vyrwY1WNhcUnfDyVpt2uyL7krAu3WKCUMCfIUzOuvt8aSk8N2axHT8XPr9stAEDGVHLvag6Pw==",
      "dev": true
    }
  }
}
